
Microsoft Visual Studio Solution File, Format Version 12.00
# Visual Studio Version 17
VisualStudioVersion = 17.0.31903.59
MinimumVisualStudioVersion = 10.0.40219.1
Project("{FAE04EC0-301F-11D3-BF4B-00C04F79EFBC}") = "1.Domain", "1.Domain\1.Domain.csproj", "{CDA73BCF-EBE8-48AE-9BD1-DDDD2E541FD2}"
EndProject
Project("{FAE04EC0-301F-11D3-BF4B-00C04F79EFBC}") = "2.Core", "2.Core\2.Core.csproj", "{96A76E83-2A32-4DA7-8C44-8EE5181C8859}"
EndProject
Project("{FAE04EC0-301F-11D3-BF4B-00C04F79EFBC}") = "3.Infra", "3.Infra\3.Infra.csproj", "{E0B521D4-391D-49F1-AE83-E9D3BB27A162}"
EndProject
Project("{FAE04EC0-301F-11D3-BF4B-00C04F79EFBC}") = "4.API", "4.API\4.API.csproj", "{AE86DF94-7AB8-4251-B2C3-07C9EBB15871}"
EndProject
Global
	GlobalSection(SolutionConfigurationPlatforms) = preSolution
		Debug|Any CPU = Debug|Any CPU
		Debug|x64 = Debug|x64
		Debug|x86 = Debug|x86
		Release|Any CPU = Release|Any CPU
		Release|x64 = Release|x64
		Release|x86 = Release|x86
	EndGlobalSection
	GlobalSection(ProjectConfigurationPlatforms) = postSolution
		{CDA73BCF-EBE8-48AE-9BD1-DDDD2E541FD2}.Debug|Any CPU.ActiveCfg = Debug|Any CPU
		{CDA73BCF-EBE8-48AE-9BD1-DDDD2E541FD2}.Debug|Any CPU.Build.0 = Debug|Any CPU
		{CDA73BCF-EBE8-48AE-9BD1-DDDD2E541FD2}.Debug|x64.ActiveCfg = Debug|Any CPU
		{CDA73BCF-EBE8-48AE-9BD1-DDDD2E541FD2}.Debug|x64.Build.0 = Debug|Any CPU
		{CDA73BCF-EBE8-48AE-9BD1-DDDD2E541FD2}.Debug|x86.ActiveCfg = Debug|Any CPU
		{CDA73BCF-EBE8-48AE-9BD1-DDDD2E541FD2}.Debug|x86.Build.0 = Debug|Any CPU
		{CDA73BCF-EBE8-48AE-9BD1-DDDD2E541FD2}.Release|Any CPU.ActiveCfg = Release|Any CPU
		{CDA73BCF-EBE8-48AE-9BD1-DDDD2E541FD2}.Release|Any CPU.Build.0 = Release|Any CPU
		{CDA73BCF-EBE8-48AE-9BD1-DDDD2E541FD2}.Release|x64.ActiveCfg = Release|Any CPU
		{CDA73BCF-EBE8-48AE-9BD1-DDDD2E541FD2}.Release|x64.Build.0 = Release|Any CPU
		{CDA73BCF-EBE8-48AE-9BD1-DDDD2E541FD2}.Release|x86.ActiveCfg = Release|Any CPU
		{CDA73BCF-EBE8-48AE-9BD1-DDDD2E541FD2}.Release|x86.Build.0 = Release|Any CPU
		{96A76E83-2A32-4DA7-8C44-8EE5181C8859}.Debug|Any CPU.ActiveCfg = Debug|Any CPU
		{96A76E83-2A32-4DA7-8C44-8EE5181C8859}.Debug|Any CPU.Build.0 = Debug|Any CPU
		{96A76E83-2A32-4DA7-8C44-8EE5181C8859}.Debug|x64.ActiveCfg = Debug|Any CPU
		{96A76E83-2A32-4DA7-8C44-8EE5181C8859}.Debug|x64.Build.0 = Debug|Any CPU
		{96A76E83-2A32-4DA7-8C44-8EE5181C8859}.Debug|x86.ActiveCfg = Debug|Any CPU
		{96A76E83-2A32-4DA7-8C44-8EE5181C8859}.Debug|x86.Build.0 = Debug|Any CPU
		{96A76E83-2A32-4DA7-8C44-8EE5181C8859}.Release|Any CPU.ActiveCfg = Release|Any CPU
		{96A76E83-2A32-4DA7-8C44-8EE5181C8859}.Release|Any CPU.Build.0 = Release|Any CPU
		{96A76E83-2A32-4DA7-8C44-8EE5181C8859}.Release|x64.ActiveCfg = Release|Any CPU
		{96A76E83-2A32-4DA7-8C44-8EE5181C8859}.Release|x64.Build.0 = Release|Any CPU
		{96A76E83-2A32-4DA7-8C44-8EE5181C8859}.Release|x86.ActiveCfg = Release|Any CPU
		{96A76E83-2A32-4DA7-8C44-8EE5181C8859}.Release|x86.Build.0 = Release|Any CPU
		{E0B521D4-391D-49F1-AE83-E9D3BB27A162}.Debug|Any CPU.ActiveCfg = Debug|Any CPU
		{E0B521D4-391D-49F1-AE83-E9D3BB27A162}.Debug|Any CPU.Build.0 = Debug|Any CPU
		{E0B521D4-391D-49F1-AE83-E9D3BB27A162}.Debug|x64.ActiveCfg = Debug|Any CPU
		{E0B521D4-391D-49F1-AE83-E9D3BB27A162}.Debug|x64.Build.0 = Debug|Any CPU
		{E0B521D4-391D-49F1-AE83-E9D3BB27A162}.Debug|x86.ActiveCfg = Debug|Any CPU
		{E0B521D4-391D-49F1-AE83-E9D3BB27A162}.Debug|x86.Build.0 = Debug|Any CPU
		{E0B521D4-391D-49F1-AE83-E9D3BB27A162}.Release|Any CPU.ActiveCfg = Release|Any CPU
		{E0B521D4-391D-49F1-AE83-E9D3BB27A162}.Release|Any CPU.Build.0 = Release|Any CPU
		{E0B521D4-391D-49F1-AE83-E9D3BB27A162}.Release|x64.ActiveCfg = Release|Any CPU
		{E0B521D4-391D-49F1-AE83-E9D3BB27A162}.Release|x64.Build.0 = Release|Any CPU
		{E0B521D4-391D-49F1-AE83-E9D3BB27A162}.Release|x86.ActiveCfg = Release|Any CPU
		{E0B521D4-391D-49F1-AE83-E9D3BB27A162}.Release|x86.Build.0 = Release|Any CPU
		{AE86DF94-7AB8-4251-B2C3-07C9EBB15871}.Debug|Any CPU.ActiveCfg = Debug|Any CPU
		{AE86DF94-7AB8-4251-B2C3-07C9EBB15871}.Debug|Any CPU.Build.0 = Debug|Any CPU
		{AE86DF94-7AB8-4251-B2C3-07C9EBB15871}.Debug|x64.ActiveCfg = Debug|Any CPU
		{AE86DF94-7AB8-4251-B2C3-07C9EBB15871}.Debug|x64.Build.0 = Debug|Any CPU
		{AE86DF94-7AB8-4251-B2C3-07C9EBB15871}.Debug|x86.ActiveCfg = Debug|Any CPU
		{AE86DF94-7AB8-4251-B2C3-07C9EBB15871}.Debug|x86.Build.0 = Debug|Any CPU
		{AE86DF94-7AB8-4251-B2C3-07C9EBB15871}.Release|Any CPU.ActiveCfg = Release|Any CPU
		{AE86DF94-7AB8-4251-B2C3-07C9EBB15871}.Release|Any CPU.Build.0 = Release|Any CPU
		{AE86DF94-7AB8-4251-B2C3-07C9EBB15871}.Release|x64.ActiveCfg = Release|Any CPU
		{AE86DF94-7AB8-4251-B2C3-07C9EBB15871}.Release|x64.Build.0 = Release|Any CPU
		{AE86DF94-7AB8-4251-B2C3-07C9EBB15871}.Release|x86.ActiveCfg = Release|Any CPU
		{AE86DF94-7AB8-4251-B2C3-07C9EBB15871}.Release|x86.Build.0 = Release|Any CPU
	EndGlobalSection
	GlobalSection(SolutionProperties) = preSolution
		HideSolutionNode = FALSE
	EndGlobalSection
EndGlobal
